{
  "version": 4,
  "terraform_version": "1.13.0",
  "serial": 14,
  "lineage": "3c796956-405c-cc8b-6d61-0e11d6550515",
  "outputs": {
    "KMaster-JenSlave_Private_IP": {
      "value": "10.0.1.137",
      "type": "string"
    },
    "KMaster-JenSlave_Public_IP": {
      "value": "98.80.187.164",
      "type": "string"
    },
    "Private_Key_Location": {
      "value": "./my-key.pem",
      "type": "string"
    },
    "Provisioner-Server_Private_IP": {
      "value": "10.0.1.249",
      "type": "string"
    },
    "Provisioner-Server_Public_IP": {
      "value": "3.218.142.255",
      "type": "string"
    },
    "Slave01_Private_IP": {
      "value": "10.0.1.67",
      "type": "string"
    },
    "Slave01_Public_IP": {
      "value": "3.231.57.119",
      "type": "string"
    },
    "Slave02_Private_IP": {
      "value": "10.0.1.207",
      "type": "string"
    },
    "Slave02_Public_IP": {
      "value": "3.228.17.229",
      "type": "string"
    }
  },
  "resources": [
    {
      "mode": "data",
      "type": "aws_availability_zones",
      "name": "available",
      "provider": "provider[\"registry.terraform.io/hashicorp/aws\"]",
      "instances": [
        {
          "schema_version": 0,
          "attributes": {
            "all_availability_zones": null,
            "exclude_names": null,
            "exclude_zone_ids": null,
            "filter": null,
            "group_names": [
              "us-east-1-zg-1"
            ],
            "id": "us-east-1",
            "names": [
              "us-east-1a",
              "us-east-1b",
              "us-east-1c",
              "us-east-1d",
              "us-east-1e",
              "us-east-1f"
            ],
            "state": "available",
            "timeouts": null,
            "zone_ids": [
              "use1-az1",
              "use1-az2",
              "use1-az4",
              "use1-az6",
              "use1-az3",
              "use1-az5"
            ]
          },
          "sensitive_attributes": [],
          "identity_schema_version": 0
        }
      ]
    },
    {
      "mode": "managed",
      "type": "aws_instance",
      "name": "KMaster-JenSlave",
      "provider": "provider[\"registry.terraform.io/hashicorp/aws\"]",
      "instances": [
        {
          "schema_version": 1,
          "attributes": {
            "ami": "ami-0360c520857e3138f",
            "arn": "arn:aws:ec2:us-east-1:704423483313:instance/i-0a428e8cbff071a57",
            "associate_public_ip_address": true,
            "availability_zone": "us-east-1a",
            "capacity_reservation_specification": [
              {
                "capacity_reservation_preference": "open",
                "capacity_reservation_target": []
              }
            ],
            "cpu_core_count": 2,
            "cpu_options": [
              {
                "amd_sev_snp": "",
                "core_count": 2,
                "threads_per_core": 1
              }
            ],
            "cpu_threads_per_core": 1,
            "credit_specification": [
              {
                "cpu_credits": "standard"
              }
            ],
            "disable_api_stop": false,
            "disable_api_termination": false,
            "ebs_block_device": [],
            "ebs_optimized": false,
            "enable_primary_ipv6": null,
            "enclave_options": [
              {
                "enabled": false
              }
            ],
            "ephemeral_block_device": [],
            "get_password_data": false,
            "hibernation": false,
            "host_id": "",
            "host_resource_group_arn": null,
            "iam_instance_profile": "",
            "id": "i-0a428e8cbff071a57",
            "instance_initiated_shutdown_behavior": "stop",
            "instance_lifecycle": "",
            "instance_market_options": [],
            "instance_state": "running",
            "instance_type": "t2.medium",
            "ipv6_address_count": 0,
            "ipv6_addresses": [],
            "key_name": "my-key",
            "launch_template": [],
            "maintenance_options": [
              {
                "auto_recovery": "default"
              }
            ],
            "metadata_options": [
              {
                "http_endpoint": "enabled",
                "http_protocol_ipv6": "disabled",
                "http_put_response_hop_limit": 2,
                "http_tokens": "required",
                "instance_metadata_tags": "disabled"
              }
            ],
            "monitoring": false,
            "network_interface": [],
            "outpost_arn": "",
            "password_data": "",
            "placement_group": "",
            "placement_partition_number": 0,
            "primary_network_interface_id": "eni-075301cb9e198332b",
            "private_dns": "ip-10-0-1-137.ec2.internal",
            "private_dns_name_options": [
              {
                "enable_resource_name_dns_a_record": false,
                "enable_resource_name_dns_aaaa_record": false,
                "hostname_type": "ip-name"
              }
            ],
            "private_ip": "10.0.1.137",
            "public_dns": "ec2-98-80-187-164.compute-1.amazonaws.com",
            "public_ip": "98.80.187.164",
            "root_block_device": [
              {
                "delete_on_termination": true,
                "device_name": "/dev/sda1",
                "encrypted": false,
                "iops": 3000,
                "kms_key_id": "",
                "tags": {},
                "tags_all": {},
                "throughput": 125,
                "volume_id": "vol-04324c855a427af7e",
                "volume_size": 8,
                "volume_type": "gp3"
              }
            ],
            "secondary_private_ips": [],
            "security_groups": [],
            "source_dest_check": true,
            "spot_instance_request_id": "",
            "subnet_id": "subnet-0cd916b3f92c19279",
            "tags": {
              "Name": "KMaster-JenSlave",
              "Role": "Controller"
            },
            "tags_all": {
              "Name": "KMaster-JenSlave",
              "Role": "Controller"
            },
            "tenancy": "default",
            "timeouts": null,
            "user_data": "fabd60ad19b3a81d517d025cd63d4a02cf821833",
            "user_data_base64": null,
            "user_data_replace_on_change": false,
            "volume_tags": null,
            "vpc_security_group_ids": [
              "sg-0647720f1d6e17c57"
            ]
          },
          "sensitive_attributes": [],
          "identity_schema_version": 0,
          "private": "eyJlMmJmYjczMC1lY2FhLTExZTYtOGY4OC0zNDM2M2JjN2M0YzAiOnsiY3JlYXRlIjo2MDAwMDAwMDAwMDAsImRlbGV0ZSI6MTIwMDAwMDAwMDAwMCwicmVhZCI6OTAwMDAwMDAwMDAwLCJ1cGRhdGUiOjYwMDAwMDAwMDAwMH0sInNjaGVtYV92ZXJzaW9uIjoiMSJ9",
          "dependencies": [
            "aws_key_pair.key_pair",
            "aws_security_group.sg",
            "aws_subnet.public_subnet",
            "aws_vpc.main",
            "tls_private_key.project_private_key"
          ]
        }
      ]
    },
    {
      "mode": "managed",
      "type": "aws_instance",
      "name": "Provisioner-Server",
      "provider": "provider[\"registry.terraform.io/hashicorp/aws\"]",
      "instances": [
        {
          "schema_version": 1,
          "attributes": {
            "ami": "ami-0360c520857e3138f",
            "arn": "arn:aws:ec2:us-east-1:704423483313:instance/i-06ed3db097f61f86c",
            "associate_public_ip_address": true,
            "availability_zone": "us-east-1a",
            "capacity_reservation_specification": [
              {
                "capacity_reservation_preference": "open",
                "capacity_reservation_target": []
              }
            ],
            "cpu_core_count": 2,
            "cpu_options": [
              {
                "amd_sev_snp": "",
                "core_count": 2,
                "threads_per_core": 1
              }
            ],
            "cpu_threads_per_core": 1,
            "credit_specification": [
              {
                "cpu_credits": "standard"
              }
            ],
            "disable_api_stop": false,
            "disable_api_termination": false,
            "ebs_block_device": [],
            "ebs_optimized": false,
            "enable_primary_ipv6": null,
            "enclave_options": [
              {
                "enabled": false
              }
            ],
            "ephemeral_block_device": [],
            "get_password_data": false,
            "hibernation": false,
            "host_id": "",
            "host_resource_group_arn": null,
            "iam_instance_profile": "",
            "id": "i-06ed3db097f61f86c",
            "instance_initiated_shutdown_behavior": "stop",
            "instance_lifecycle": "",
            "instance_market_options": [],
            "instance_state": "running",
            "instance_type": "t2.medium",
            "ipv6_address_count": 0,
            "ipv6_addresses": [],
            "key_name": "my-key",
            "launch_template": [],
            "maintenance_options": [
              {
                "auto_recovery": "default"
              }
            ],
            "metadata_options": [
              {
                "http_endpoint": "enabled",
                "http_protocol_ipv6": "disabled",
                "http_put_response_hop_limit": 2,
                "http_tokens": "required",
                "instance_metadata_tags": "disabled"
              }
            ],
            "monitoring": false,
            "network_interface": [],
            "outpost_arn": "",
            "password_data": "",
            "placement_group": "",
            "placement_partition_number": 0,
            "primary_network_interface_id": "eni-052923e2446d9e164",
            "private_dns": "ip-10-0-1-249.ec2.internal",
            "private_dns_name_options": [
              {
                "enable_resource_name_dns_a_record": false,
                "enable_resource_name_dns_aaaa_record": false,
                "hostname_type": "ip-name"
              }
            ],
            "private_ip": "10.0.1.249",
            "public_dns": "ec2-3-218-142-255.compute-1.amazonaws.com",
            "public_ip": "3.218.142.255",
            "root_block_device": [
              {
                "delete_on_termination": true,
                "device_name": "/dev/sda1",
                "encrypted": false,
                "iops": 3000,
                "kms_key_id": "",
                "tags": {},
                "tags_all": {},
                "throughput": 125,
                "volume_id": "vol-04b642aef63e77d7c",
                "volume_size": 8,
                "volume_type": "gp3"
              }
            ],
            "secondary_private_ips": [],
            "security_groups": [],
            "source_dest_check": true,
            "spot_instance_request_id": "",
            "subnet_id": "subnet-0cd916b3f92c19279",
            "tags": {
              "Name": "Provisioner-Server",
              "Role": "Controller"
            },
            "tags_all": {
              "Name": "Provisioner-Server",
              "Role": "Controller"
            },
            "tenancy": "default",
            "timeouts": null,
            "user_data": "5e6423c508d0729cdf0818efd0abeff0ac46235f",
            "user_data_base64": null,
            "user_data_replace_on_change": false,
            "volume_tags": null,
            "vpc_security_group_ids": [
              "sg-0647720f1d6e17c57"
            ]
          },
          "sensitive_attributes": [],
          "identity_schema_version": 0,
          "private": "eyJlMmJmYjczMC1lY2FhLTExZTYtOGY4OC0zNDM2M2JjN2M0YzAiOnsiY3JlYXRlIjo2MDAwMDAwMDAwMDAsImRlbGV0ZSI6MTIwMDAwMDAwMDAwMCwicmVhZCI6OTAwMDAwMDAwMDAwLCJ1cGRhdGUiOjYwMDAwMDAwMDAwMH0sInNjaGVtYV92ZXJzaW9uIjoiMSJ9",
          "dependencies": [
            "aws_key_pair.key_pair",
            "aws_security_group.sg",
            "aws_subnet.public_subnet",
            "aws_vpc.main",
            "tls_private_key.project_private_key"
          ]
        }
      ]
    },
    {
      "mode": "managed",
      "type": "aws_instance",
      "name": "Slave01",
      "provider": "provider[\"registry.terraform.io/hashicorp/aws\"]",
      "instances": [
        {
          "schema_version": 1,
          "attributes": {
            "ami": "ami-0360c520857e3138f",
            "arn": "arn:aws:ec2:us-east-1:704423483313:instance/i-0f6c890b0038061d6",
            "associate_public_ip_address": true,
            "availability_zone": "us-east-1a",
            "capacity_reservation_specification": [
              {
                "capacity_reservation_preference": "open",
                "capacity_reservation_target": []
              }
            ],
            "cpu_core_count": 2,
            "cpu_options": [
              {
                "amd_sev_snp": "",
                "core_count": 2,
                "threads_per_core": 1
              }
            ],
            "cpu_threads_per_core": 1,
            "credit_specification": [
              {
                "cpu_credits": "standard"
              }
            ],
            "disable_api_stop": false,
            "disable_api_termination": false,
            "ebs_block_device": [],
            "ebs_optimized": false,
            "enable_primary_ipv6": null,
            "enclave_options": [
              {
                "enabled": false
              }
            ],
            "ephemeral_block_device": [],
            "get_password_data": false,
            "hibernation": false,
            "host_id": "",
            "host_resource_group_arn": null,
            "iam_instance_profile": "",
            "id": "i-0f6c890b0038061d6",
            "instance_initiated_shutdown_behavior": "stop",
            "instance_lifecycle": "",
            "instance_market_options": [],
            "instance_state": "running",
            "instance_type": "t2.medium",
            "ipv6_address_count": 0,
            "ipv6_addresses": [],
            "key_name": "my-key",
            "launch_template": [],
            "maintenance_options": [
              {
                "auto_recovery": "default"
              }
            ],
            "metadata_options": [
              {
                "http_endpoint": "enabled",
                "http_protocol_ipv6": "disabled",
                "http_put_response_hop_limit": 2,
                "http_tokens": "required",
                "instance_metadata_tags": "disabled"
              }
            ],
            "monitoring": false,
            "network_interface": [],
            "outpost_arn": "",
            "password_data": "",
            "placement_group": "",
            "placement_partition_number": 0,
            "primary_network_interface_id": "eni-018d029848a237b08",
            "private_dns": "ip-10-0-1-67.ec2.internal",
            "private_dns_name_options": [
              {
                "enable_resource_name_dns_a_record": false,
                "enable_resource_name_dns_aaaa_record": false,
                "hostname_type": "ip-name"
              }
            ],
            "private_ip": "10.0.1.67",
            "public_dns": "ec2-3-231-57-119.compute-1.amazonaws.com",
            "public_ip": "3.231.57.119",
            "root_block_device": [
              {
                "delete_on_termination": true,
                "device_name": "/dev/sda1",
                "encrypted": false,
                "iops": 3000,
                "kms_key_id": "",
                "tags": {},
                "tags_all": {},
                "throughput": 125,
                "volume_id": "vol-095fd68a040bee00a",
                "volume_size": 8,
                "volume_type": "gp3"
              }
            ],
            "secondary_private_ips": [],
            "security_groups": [],
            "source_dest_check": true,
            "spot_instance_request_id": "",
            "subnet_id": "subnet-0cd916b3f92c19279",
            "tags": {
              "Name": "Slave01",
              "Role": "Worker"
            },
            "tags_all": {
              "Name": "Slave01",
              "Role": "Worker"
            },
            "tenancy": "default",
            "timeouts": null,
            "user_data": "d6c73c198436c769420d1545e1087529eab49c90",
            "user_data_base64": null,
            "user_data_replace_on_change": false,
            "volume_tags": null,
            "vpc_security_group_ids": [
              "sg-0647720f1d6e17c57"
            ]
          },
          "sensitive_attributes": [],
          "identity_schema_version": 0,
          "private": "eyJlMmJmYjczMC1lY2FhLTExZTYtOGY4OC0zNDM2M2JjN2M0YzAiOnsiY3JlYXRlIjo2MDAwMDAwMDAwMDAsImRlbGV0ZSI6MTIwMDAwMDAwMDAwMCwicmVhZCI6OTAwMDAwMDAwMDAwLCJ1cGRhdGUiOjYwMDAwMDAwMDAwMH0sInNjaGVtYV92ZXJzaW9uIjoiMSJ9",
          "dependencies": [
            "aws_key_pair.key_pair",
            "aws_security_group.sg",
            "aws_subnet.public_subnet",
            "aws_vpc.main",
            "tls_private_key.project_private_key"
          ]
        }
      ]
    },
    {
      "mode": "managed",
      "type": "aws_instance",
      "name": "Slave02",
      "provider": "provider[\"registry.terraform.io/hashicorp/aws\"]",
      "instances": [
        {
          "schema_version": 1,
          "attributes": {
            "ami": "ami-0360c520857e3138f",
            "arn": "arn:aws:ec2:us-east-1:704423483313:instance/i-024f66329eff20b9c",
            "associate_public_ip_address": true,
            "availability_zone": "us-east-1a",
            "capacity_reservation_specification": [
              {
                "capacity_reservation_preference": "open",
                "capacity_reservation_target": []
              }
            ],
            "cpu_core_count": 2,
            "cpu_options": [
              {
                "amd_sev_snp": "",
                "core_count": 2,
                "threads_per_core": 1
              }
            ],
            "cpu_threads_per_core": 1,
            "credit_specification": [
              {
                "cpu_credits": "standard"
              }
            ],
            "disable_api_stop": false,
            "disable_api_termination": false,
            "ebs_block_device": [],
            "ebs_optimized": false,
            "enable_primary_ipv6": null,
            "enclave_options": [
              {
                "enabled": false
              }
            ],
            "ephemeral_block_device": [],
            "get_password_data": false,
            "hibernation": false,
            "host_id": "",
            "host_resource_group_arn": null,
            "iam_instance_profile": "",
            "id": "i-024f66329eff20b9c",
            "instance_initiated_shutdown_behavior": "stop",
            "instance_lifecycle": "",
            "instance_market_options": [],
            "instance_state": "running",
            "instance_type": "t2.medium",
            "ipv6_address_count": 0,
            "ipv6_addresses": [],
            "key_name": "my-key",
            "launch_template": [],
            "maintenance_options": [
              {
                "auto_recovery": "default"
              }
            ],
            "metadata_options": [
              {
                "http_endpoint": "enabled",
                "http_protocol_ipv6": "disabled",
                "http_put_response_hop_limit": 2,
                "http_tokens": "required",
                "instance_metadata_tags": "disabled"
              }
            ],
            "monitoring": false,
            "network_interface": [],
            "outpost_arn": "",
            "password_data": "",
            "placement_group": "",
            "placement_partition_number": 0,
            "primary_network_interface_id": "eni-0283a7faac33fb866",
            "private_dns": "ip-10-0-1-207.ec2.internal",
            "private_dns_name_options": [
              {
                "enable_resource_name_dns_a_record": false,
                "enable_resource_name_dns_aaaa_record": false,
                "hostname_type": "ip-name"
              }
            ],
            "private_ip": "10.0.1.207",
            "public_dns": "ec2-3-228-17-229.compute-1.amazonaws.com",
            "public_ip": "3.228.17.229",
            "root_block_device": [
              {
                "delete_on_termination": true,
                "device_name": "/dev/sda1",
                "encrypted": false,
                "iops": 3000,
                "kms_key_id": "",
                "tags": {},
                "tags_all": {},
                "throughput": 125,
                "volume_id": "vol-04a8d77883d0c8ce1",
                "volume_size": 8,
                "volume_type": "gp3"
              }
            ],
            "secondary_private_ips": [],
            "security_groups": [],
            "source_dest_check": true,
            "spot_instance_request_id": "",
            "subnet_id": "subnet-0cd916b3f92c19279",
            "tags": {
              "Name": "Slave02",
              "Role": "Worker"
            },
            "tags_all": {
              "Name": "Slave02",
              "Role": "Worker"
            },
            "tenancy": "default",
            "timeouts": null,
            "user_data": "14b2a87c1c3f6ad645486c135d3afb0c7826861e",
            "user_data_base64": null,
            "user_data_replace_on_change": false,
            "volume_tags": null,
            "vpc_security_group_ids": [
              "sg-0647720f1d6e17c57"
            ]
          },
          "sensitive_attributes": [],
          "identity_schema_version": 0,
          "private": "eyJlMmJmYjczMC1lY2FhLTExZTYtOGY4OC0zNDM2M2JjN2M0YzAiOnsiY3JlYXRlIjo2MDAwMDAwMDAwMDAsImRlbGV0ZSI6MTIwMDAwMDAwMDAwMCwicmVhZCI6OTAwMDAwMDAwMDAwLCJ1cGRhdGUiOjYwMDAwMDAwMDAwMH0sInNjaGVtYV92ZXJzaW9uIjoiMSJ9",
          "dependencies": [
            "aws_key_pair.key_pair",
            "aws_security_group.sg",
            "aws_subnet.public_subnet",
            "aws_vpc.main",
            "tls_private_key.project_private_key"
          ]
        }
      ]
    },
    {
      "mode": "managed",
      "type": "aws_internet_gateway",
      "name": "main_igw",
      "provider": "provider[\"registry.terraform.io/hashicorp/aws\"]",
      "instances": [
        {
          "schema_version": 0,
          "attributes": {
            "arn": "arn:aws:ec2:us-east-1:704423483313:internet-gateway/igw-03645a0406e7acfca",
            "id": "igw-03645a0406e7acfca",
            "owner_id": "704423483313",
            "tags": {
              "Name": "Project Main IGW"
            },
            "tags_all": {
              "Name": "Project Main IGW"
            },
            "timeouts": null,
            "vpc_id": "vpc-0d4b182ed3657006d"
          },
          "sensitive_attributes": [],
          "identity_schema_version": 0,
          "private": "eyJlMmJmYjczMC1lY2FhLTExZTYtOGY4OC0zNDM2M2JjN2M0YzAiOnsiY3JlYXRlIjoxMjAwMDAwMDAwMDAwLCJkZWxldGUiOjEyMDAwMDAwMDAwMDAsInVwZGF0ZSI6MTIwMDAwMDAwMDAwMH19",
          "dependencies": [
            "aws_vpc.main"
          ]
        }
      ]
    },
    {
      "mode": "managed",
      "type": "aws_key_pair",
      "name": "key_pair",
      "provider": "provider[\"registry.terraform.io/hashicorp/aws\"]",
      "instances": [
        {
          "schema_version": 1,
          "attributes": {
            "arn": "arn:aws:ec2:us-east-1:704423483313:key-pair/my-key",
            "fingerprint": "1e:4f:22:30:48:e1:68:43:8c:5c:c5:e4:a1:c6:00:b0",
            "id": "my-key",
            "key_name": "my-key",
            "key_name_prefix": "",
            "key_pair_id": "key-02893f6f8f8151891",
            "key_type": "rsa",
            "public_key": "ssh-rsa AAAAB3NzaC1yc2EAAAADAQABAAACAQC+RcIa3O9FYgeW8vqIzA8ZahxkY7lhzAz84+OBNeIHHQdEan6DBLc8uYCF4DBt5br2TSCiNXA8cuAnIYfdRAayxa51jkj2KpucGG+YtqBQ5Nj6ZRKwUIIJaBgxrAmX25Dh6I9r3VR/QzQjt405i0PzpMxPC1Sb81C8TYSTOdIiyoEgzt8xMt0tozo1DYKMyRK/QsI2EHSx7Usr0Wy8hRlv/B0cpWw5Qt0adAH1INlgri+qXhAqKPuwflbWgwDWPC/tPnF8kGkhDZ7HMQq8m/i/B6c08Vux3v3kxqZCH29U6jmgaT8YmawwlKBMjOTPYPJsG+tYKDy1eMHYhRpg7FutqxC4iOrPzLteBtashN8MMg7CN7mGzeENa0l0cf44lS65OBImLpPnjk0a6PC8Attp+47xyTAUKLQDXnonKVaeQqwrEVlq79mYD5oG1S+TTnOtB1hH4wHmsRpwTIzQQFLuqBOe2Bb1KHIruKAtCNc2A9Q/kOOMIKZLrmKp/qTKKeH/ilvrbdiAOEofn69QwDYuDk1evVAEVbLzkEuw4I7krXkjRk8qSPHirUk9zNiTq5V5+83f+L7OQC7vi9OJXjql2UTa3uOVu+rtWnEWvOsNuJIC+1dhvckls/1uyk+Wa0pWIcB6398q9q5BL88gOOLOowqtjBt848ej+T/QeL5B1Q==",
            "tags": null,
            "tags_all": {}
          },
          "sensitive_attributes": [],
          "identity_schema_version": 0,
          "private": "eyJzY2hlbWFfdmVyc2lvbiI6IjEifQ==",
          "dependencies": [
            "tls_private_key.project_private_key"
          ]
        }
      ]
    },
    {
      "mode": "managed",
      "type": "aws_route_table",
      "name": "public_rt",
      "provider": "provider[\"registry.terraform.io/hashicorp/aws\"]",
      "instances": [
        {
          "schema_version": 0,
          "attributes": {
            "arn": "arn:aws:ec2:us-east-1:704423483313:route-table/rtb-021c18aa8e36023ce",
            "id": "rtb-021c18aa8e36023ce",
            "owner_id": "704423483313",
            "propagating_vgws": [],
            "route": [
              {
                "carrier_gateway_id": "",
                "cidr_block": "0.0.0.0/0",
                "core_network_arn": "",
                "destination_prefix_list_id": "",
                "egress_only_gateway_id": "",
                "gateway_id": "igw-03645a0406e7acfca",
                "ipv6_cidr_block": "",
                "local_gateway_id": "",
                "nat_gateway_id": "",
                "network_interface_id": "",
                "transit_gateway_id": "",
                "vpc_endpoint_id": "",
                "vpc_peering_connection_id": ""
              }
            ],
            "tags": {
              "Name": "Public Route Table"
            },
            "tags_all": {
              "Name": "Public Route Table"
            },
            "timeouts": null,
            "vpc_id": "vpc-0d4b182ed3657006d"
          },
          "sensitive_attributes": [],
          "identity_schema_version": 0,
          "private": "eyJlMmJmYjczMC1lY2FhLTExZTYtOGY4OC0zNDM2M2JjN2M0YzAiOnsiY3JlYXRlIjozMDAwMDAwMDAwMDAsImRlbGV0ZSI6MzAwMDAwMDAwMDAwLCJ1cGRhdGUiOjEyMDAwMDAwMDAwMH19",
          "dependencies": [
            "aws_internet_gateway.main_igw",
            "aws_vpc.main"
          ]
        }
      ]
    },
    {
      "mode": "managed",
      "type": "aws_route_table_association",
      "name": "public_rta",
      "provider": "provider[\"registry.terraform.io/hashicorp/aws\"]",
      "instances": [
        {
          "schema_version": 0,
          "attributes": {
            "gateway_id": "",
            "id": "rtbassoc-08241a1364583a92a",
            "route_table_id": "rtb-021c18aa8e36023ce",
            "subnet_id": "subnet-0cd916b3f92c19279",
            "timeouts": null
          },
          "sensitive_attributes": [],
          "identity_schema_version": 0,
          "private": "eyJlMmJmYjczMC1lY2FhLTExZTYtOGY4OC0zNDM2M2JjN2M0YzAiOnsiY3JlYXRlIjozMDAwMDAwMDAwMDAsImRlbGV0ZSI6MzAwMDAwMDAwMDAwLCJ1cGRhdGUiOjEyMDAwMDAwMDAwMH19",
          "dependencies": [
            "aws_internet_gateway.main_igw",
            "aws_route_table.public_rt",
            "aws_subnet.public_subnet",
            "aws_vpc.main"
          ]
        }
      ]
    },
    {
      "mode": "managed",
      "type": "aws_security_group",
      "name": "sg",
      "provider": "provider[\"registry.terraform.io/hashicorp/aws\"]",
      "instances": [
        {
          "schema_version": 1,
          "attributes": {
            "arn": "arn:aws:ec2:us-east-1:704423483313:security-group/sg-0647720f1d6e17c57",
            "description": "Security group for slave servers with HTTP access",
            "egress": [
              {
                "cidr_blocks": [
                  "0.0.0.0/0"
                ],
                "description": "",
                "from_port": 0,
                "ipv6_cidr_blocks": [],
                "prefix_list_ids": [],
                "protocol": "-1",
                "security_groups": [],
                "self": false,
                "to_port": 0
              }
            ],
            "id": "sg-0647720f1d6e17c57",
            "ingress": [
              {
                "cidr_blocks": [
                  "0.0.0.0/0"
                ],
                "description": "",
                "from_port": 0,
                "ipv6_cidr_blocks": [],
                "prefix_list_ids": [],
                "protocol": "-1",
                "security_groups": [],
                "self": false,
                "to_port": 0
              },
              {
                "cidr_blocks": [
                  "0.0.0.0/0"
                ],
                "description": "HTTP from Internet",
                "from_port": 80,
                "ipv6_cidr_blocks": [],
                "prefix_list_ids": [],
                "protocol": "tcp",
                "security_groups": [],
                "self": false,
                "to_port": 80
              },
              {
                "cidr_blocks": [
                  "0.0.0.0/0"
                ],
                "description": "SSH from anywhere",
                "from_port": 22,
                "ipv6_cidr_blocks": [],
                "prefix_list_ids": [],
                "protocol": "tcp",
                "security_groups": [],
                "self": false,
                "to_port": 22
              }
            ],
            "name": "slaves-sg20250918124523752800000001",
            "name_prefix": "slaves-sg",
            "owner_id": "704423483313",
            "revoke_rules_on_delete": false,
            "tags": {
              "Name": "Security Group"
            },
            "tags_all": {
              "Name": "Security Group"
            },
            "timeouts": null,
            "vpc_id": "vpc-0d4b182ed3657006d"
          },
          "sensitive_attributes": [],
          "identity_schema_version": 0,
          "private": "eyJlMmJmYjczMC1lY2FhLTExZTYtOGY4OC0zNDM2M2JjN2M0YzAiOnsiY3JlYXRlIjo2MDAwMDAwMDAwMDAsImRlbGV0ZSI6OTAwMDAwMDAwMDAwfSwic2NoZW1hX3ZlcnNpb24iOiIxIn0=",
          "dependencies": [
            "aws_vpc.main"
          ]
        }
      ]
    },
    {
      "mode": "managed",
      "type": "aws_subnet",
      "name": "public_subnet",
      "provider": "provider[\"registry.terraform.io/hashicorp/aws\"]",
      "instances": [
        {
          "schema_version": 1,
          "attributes": {
            "arn": "arn:aws:ec2:us-east-1:704423483313:subnet/subnet-0cd916b3f92c19279",
            "assign_ipv6_address_on_creation": false,
            "availability_zone": "us-east-1a",
            "availability_zone_id": "use1-az1",
            "cidr_block": "10.0.1.0/24",
            "customer_owned_ipv4_pool": "",
            "enable_dns64": false,
            "enable_lni_at_device_index": 0,
            "enable_resource_name_dns_a_record_on_launch": false,
            "enable_resource_name_dns_aaaa_record_on_launch": false,
            "id": "subnet-0cd916b3f92c19279",
            "ipv6_cidr_block": "",
            "ipv6_cidr_block_association_id": "",
            "ipv6_native": false,
            "map_customer_owned_ip_on_launch": false,
            "map_public_ip_on_launch": true,
            "outpost_arn": "",
            "owner_id": "704423483313",
            "private_dns_hostname_type_on_launch": "ip-name",
            "tags": {
              "Name": "Public Subnet",
              "Type": "Public"
            },
            "tags_all": {
              "Name": "Public Subnet",
              "Type": "Public"
            },
            "timeouts": null,
            "vpc_id": "vpc-0d4b182ed3657006d"
          },
          "sensitive_attributes": [],
          "identity_schema_version": 0,
          "private": "eyJlMmJmYjczMC1lY2FhLTExZTYtOGY4OC0zNDM2M2JjN2M0YzAiOnsiY3JlYXRlIjo2MDAwMDAwMDAwMDAsImRlbGV0ZSI6MTIwMDAwMDAwMDAwMH0sInNjaGVtYV92ZXJzaW9uIjoiMSJ9",
          "dependencies": [
            "aws_vpc.main"
          ]
        }
      ]
    },
    {
      "mode": "managed",
      "type": "aws_vpc",
      "name": "main",
      "provider": "provider[\"registry.terraform.io/hashicorp/aws\"]",
      "instances": [
        {
          "schema_version": 1,
          "attributes": {
            "arn": "arn:aws:ec2:us-east-1:704423483313:vpc/vpc-0d4b182ed3657006d",
            "assign_generated_ipv6_cidr_block": false,
            "cidr_block": "10.0.0.0/16",
            "default_network_acl_id": "acl-0b6d10ed25f923d5b",
            "default_route_table_id": "rtb-0e0f16b580bc55e19",
            "default_security_group_id": "sg-06fd79b27e2854f04",
            "dhcp_options_id": "dopt-0885e5d19d2e61067",
            "enable_dns_hostnames": true,
            "enable_dns_support": true,
            "enable_network_address_usage_metrics": false,
            "id": "vpc-0d4b182ed3657006d",
            "instance_tenancy": "default",
            "ipv4_ipam_pool_id": null,
            "ipv4_netmask_length": null,
            "ipv6_association_id": "",
            "ipv6_cidr_block": "",
            "ipv6_cidr_block_network_border_group": "",
            "ipv6_ipam_pool_id": "",
            "ipv6_netmask_length": 0,
            "main_route_table_id": "rtb-0e0f16b580bc55e19",
            "owner_id": "704423483313",
            "tags": {
              "Name": "Project Main VPC"
            },
            "tags_all": {
              "Name": "Project Main VPC"
            }
          },
          "sensitive_attributes": [],
          "identity_schema_version": 0,
          "private": "eyJzY2hlbWFfdmVyc2lvbiI6IjEifQ=="
        }
      ]
    },
    {
      "mode": "managed",
      "type": "local_file",
      "name": "private_key_pem",
      "provider": "provider[\"registry.terraform.io/hashicorp/local\"]",
      "instances": [
        {
          "schema_version": 0,
          "attributes": {
            "content": "-----BEGIN RSA PRIVATE KEY-----\nMIIJKAIBAAKCAgEAvkXCGtzvRWIHlvL6iMwPGWocZGO5YcwM/OPjgTXiBx0HRGp+\ngwS3PLmAheAwbeW69k0gojVwPHLgJyGH3UQGssWudY5I9iqbnBhvmLagUOTY+mUS\nsFCCCWgYMawJl9uQ4eiPa91Uf0M0I7eNOYtD86TMTwtUm/NQvE2EkznSIsqBIM7f\nMTLdLaM6NQ2CjMkSv0LCNhB0se1LK9FsvIUZb/wdHKVsOULdGnQB9SDZYK4vql4Q\nKij7sH5W1oMA1jwv7T5xfJBpIQ2exzEKvJv4vwenNPFbsd795MamQh9vVOo5oGk/\nGJmsMJSgTIzkz2DybBvrWCg8tXjB2IUaYOxbrasQuIjqz8y7XgbWrITfDDIOwje5\nhs3hDWtJdHH+OJUuuTgSJi6T545NGujwvALbafuO8ckwFCi0A156JylWnkKsKxFZ\nau/ZmA+aBtUvk05zrQdYR+MB5rEacEyM0EBS7qgTntgW9ShyK7igLQjXNgPUP5Dj\njCCmS65iqf6kyinh/4pb623YgDhKH5+vUMA2Lg5NXr1QBFWy85BLsOCO5K15I0ZP\nKkjx4q1JPczYk6uVefvN3/i+zkAu74vTiV46pdlE2t7jlbvq7VpxFrzrDbiSAvtX\nYb3JJbP9bspPlmtKViHAet/fKvauQS/PIDjizqMKrYwbfOPHo/k/0Hi+QdUCAwEA\nAQKCAgAKWRhiph/kNd3kTYAnJvPuRalYI11Obo7JRSqXGSNbEC7YP3N0dDHz/UG6\nZjQ0EeGuagjrkXzyaKv8rNPrCntTxzEDBzM8IhqW7XRKSapj4+JSEeOnj6VW1iC0\nuN7HscMKKj/8lYu2JSVFiQLG/aY7LrwG036tQZkjOJMMf8FIL5vAuUeFsTa6t+0f\nPAYc2oWovbx6vL/f+mATeL8RbKqyvrMlnvCJF7QXL3Z4yqnP2oFQom9+H376vRBD\nd9n4jMrte+8nn2H8UHWRbz8efVwUpZmoJTU/sfk8czpRD80aAOgT641pLNhixv6F\n00bRaXwduZH92ChfFTtzp1+FJG2i5w2Q7u98uLr+gi8F9WjG+y1sMk4qxH2TAzTj\n6zEGG9v/DtvPVDKaLZtoHpTJzYQoJpTvPqDogVtjREAO+73thZ/xyjXWpTwFE+Xt\nKuovo46S2w5GrHCh+rGhPID4qMeZxEgv8GcHMKhLB75tcXZ7e8Sy6xAk9z9Unh39\nza3jcYOX6IAsUV/+/91vJZR4ZNA0LY7HKCqXgiKpCxerYVPLfZAS5wL8gBlJmBqz\nmisu+DbdCwLUOMoIMjm9/BUAWxig/CD1EO1aPX/WMCDzDy16Bn9zIwsEmi2t52v6\nHgTPXy59t+zf6+gw4pSmRgdogmFwTaeQ4jwxrN74FS8FzhU40QKCAQEA1g7uk5Hd\nBNaDJVQYG8rZUz3c+7+an1T6oQ9XTlSyDeqjShDrcxFs9WzV0jB5vhZp9sMy8hVB\naSZGGh3OVKLL471KulTgashdY9nkivImNaENtfwxdXgYywuFqZXxxhV4RziNgunP\noJKdT9S/M4a880ar/KQ18ZpFVoSVoB/KBzXm0VEB3or19YjH45cbGaZxz/plSIh2\nKccmB231amvq4VvKzrlbrIH4K532StiOr3MvrZX2EcgMHWxBUokcIfrGikjaW1QU\nLNc2fg1OZGLCe9vMbfwkuf5mBrMh8TYEBz9e2Wb6qNUIzAjEs5n4WtPnQiNgsVBF\nhQfTcji64xJzxQKCAQEA4429WmRgByx29d64XQgISCKomR/Smd03fW+PY1awwGUK\ngIk3JATijEPIwwKrN9N6iLH5FdUXEfGjXUvdTqqlK+wZaUUV7PejJTSJ30SfaRI6\npYveyM4Y3B7nCSfOPsA3IKFOFvX6lZxjFCJ8FI+g2vV+MUlxoOKgspLnMogCIrSd\nBDylUrt+hwdxRG1AYs5d5rzKz2wFRqVGxiKPV/UzaSLTHnoiyHsSJLUDwDcifn08\nwfj6ky41MqfyYTngKk/9tSigeZ5lyp0nnBRCcCj3556gh5A7+ipOHYY8HP9BjZXK\nqvCYKoi4jBwPkZSNv1tmyctgMJCBnSd/EVFjLuym0QKCAQAxMUtIpIvLcdS/vlyv\n/mUFSUFApZ7OIQRcAR+KQ9KLejG+crb5Qbbti+5zmGpR8eq2J9PMaHAYzw/rLpBd\nSPBcTQMgYSMVxygXK1rnR5DaYEG7YdKn8UqZVvOHroraf9KdY3S58iuh9i+qyfSK\nzdsceVBLBh3TgSWQJXYRT1zpXUzHK7unPf4aSC3PsskqkuKy7hNaoOmu3jJyIKX2\nqAhZc/PeoCBeO5whwfJ47t2TmoAJf14GZhfKpzc31YSelngMDYQI2wCr8WV3gG1U\nipGxTyji2cBC8iDWR1J0kXpJhBmzEoRmSlb0NMunjqnRjcMmouS0uwLO+KZyKHFi\nf7oVAoIBAGE2hnR9eUDXUCMN+TlVWyRmGh0AqVouVaxy4pEP0gb/o5LyC+qJY7eE\npdoZ48e/wxNu5PjcxjRWRPJwnKUk5ddz0A9XAlzwFnSok1Yc3PVoYkGjFZQ36Arx\n8MXKiaPpPiPkhZXtlBYib3mEmfm2uoOQaU7pD3AqIXjopXjC/haRjprmxcIoc4+A\nMHWJLv6HJzqR4RroDQD3TtsKnK55BHOf+w2EJCP93+xqoKWXaFcdbb14fqQuE3AG\nq9e5f/jTn5GrP5N1hgsfRHK7fP6poe8Dp5UCm3zuYdzfIgNJUVoJakHI81kIe77v\npf8NtdjQVYNULU3SDm1zGCfv2y2K0GECggEBANWkW5XQX2QNLUH2f2Rd81zL70/e\nSRW+y2gvf78w0tf55vxBT4SCFnkiEf5uHc751uRiQ989ohWRm9Hf5DzVVrDW16IX\n/LXEoIONRjipi3w5OiCSwbqmPPm5k8z4OPUQrkoOz6fTKakoopdVY76M81klmG3O\nL2ccZQXyWYgBd/0WOj3dnGy9sxuutw/YvfxA2tSjyX50TqprimhFw/a/Oo1QoXI+\np3Kf/X/zmIhwfh8dLfdTn19tWTsFKBoL8A32CPRmNNhFfRZQcAPW3nuUE/A6a18k\nGIaeUWHN55nz7gKxB0/lD+txLcW8JW7KLI11ioV93vrMSjRJWC932+FywmM=\n-----END RSA PRIVATE KEY-----\n",
            "content_base64": null,
            "content_base64sha256": "gtbVrps63NF+PK3jUECuhPGbag5Pi1rJF/xrPKvvRBo=",
            "content_base64sha512": "0PckK+RHkphpGA9+YYcY7wjAfbZX5xr88rm8et7FMdmy+qmjgAxV9XLlUiAhn5KHeHg1cs0dcu266vzq4uIy/Q==",
            "content_md5": "54fbacf16a0fc338be52561b0315a3ef",
            "content_sha1": "5729a98ff40cc9c2bd976b30077ad993e656148b",
            "content_sha256": "82d6d5ae9b3adcd17e3cade35040ae84f19b6a0e4f8b5ac917fc6b3cabef441a",
            "content_sha512": "d0f7242be447929869180f7e618718ef08c07db657e71afcf2b9bc7adec531d9b2faa9a3800c55f572e55220219f928778783572cd1d72edbaeafceae2e232fd",
            "directory_permission": "0777",
            "file_permission": "0600",
            "filename": "./my-key.pem",
            "id": "5729a98ff40cc9c2bd976b30077ad993e656148b",
            "sensitive_content": null,
            "source": null
          },
          "sensitive_attributes": [
            [
              {
                "type": "get_attr",
                "value": "content"
              }
            ],
            [
              {
                "type": "get_attr",
                "value": "sensitive_content"
              }
            ]
          ],
          "identity_schema_version": 0,
          "dependencies": [
            "tls_private_key.project_private_key"
          ]
        }
      ]
    },
    {
      "mode": "managed",
      "type": "tls_private_key",
      "name": "project_private_key",
      "provider": "provider[\"registry.terraform.io/hashicorp/tls\"]",
      "instances": [
        {
          "schema_version": 1,
          "attributes": {
            "algorithm": "RSA",
            "ecdsa_curve": "P224",
            "id": "cab6f293319f3a2b938874e8305af0413cf84bba",
            "private_key_openssh": "-----BEGIN OPENSSH PRIVATE KEY-----\nb3BlbnNzaC1rZXktdjEAAAAABG5vbmUAAAAEbm9uZQAAAAAAAAABAAACFwAAAAdz\nc2gtcnNhAAAAAwEAAQAAAgEAvkXCGtzvRWIHlvL6iMwPGWocZGO5YcwM/OPjgTXi\nBx0HRGp+gwS3PLmAheAwbeW69k0gojVwPHLgJyGH3UQGssWudY5I9iqbnBhvmLag\nUOTY+mUSsFCCCWgYMawJl9uQ4eiPa91Uf0M0I7eNOYtD86TMTwtUm/NQvE2EkznS\nIsqBIM7fMTLdLaM6NQ2CjMkSv0LCNhB0se1LK9FsvIUZb/wdHKVsOULdGnQB9SDZ\nYK4vql4QKij7sH5W1oMA1jwv7T5xfJBpIQ2exzEKvJv4vwenNPFbsd795MamQh9v\nVOo5oGk/GJmsMJSgTIzkz2DybBvrWCg8tXjB2IUaYOxbrasQuIjqz8y7XgbWrITf\nDDIOwje5hs3hDWtJdHH+OJUuuTgSJi6T545NGujwvALbafuO8ckwFCi0A156JylW\nnkKsKxFZau/ZmA+aBtUvk05zrQdYR+MB5rEacEyM0EBS7qgTntgW9ShyK7igLQjX\nNgPUP5DjjCCmS65iqf6kyinh/4pb623YgDhKH5+vUMA2Lg5NXr1QBFWy85BLsOCO\n5K15I0ZPKkjx4q1JPczYk6uVefvN3/i+zkAu74vTiV46pdlE2t7jlbvq7VpxFrzr\nDbiSAvtXYb3JJbP9bspPlmtKViHAet/fKvauQS/PIDjizqMKrYwbfOPHo/k/0Hi+\nQdUAAAc4NGLn1jRi59YAAAAHc3NoLXJzYQAAAgEAvkXCGtzvRWIHlvL6iMwPGWoc\nZGO5YcwM/OPjgTXiBx0HRGp+gwS3PLmAheAwbeW69k0gojVwPHLgJyGH3UQGssWu\ndY5I9iqbnBhvmLagUOTY+mUSsFCCCWgYMawJl9uQ4eiPa91Uf0M0I7eNOYtD86TM\nTwtUm/NQvE2EkznSIsqBIM7fMTLdLaM6NQ2CjMkSv0LCNhB0se1LK9FsvIUZb/wd\nHKVsOULdGnQB9SDZYK4vql4QKij7sH5W1oMA1jwv7T5xfJBpIQ2exzEKvJv4vwen\nNPFbsd795MamQh9vVOo5oGk/GJmsMJSgTIzkz2DybBvrWCg8tXjB2IUaYOxbrasQ\nuIjqz8y7XgbWrITfDDIOwje5hs3hDWtJdHH+OJUuuTgSJi6T545NGujwvALbafuO\n8ckwFCi0A156JylWnkKsKxFZau/ZmA+aBtUvk05zrQdYR+MB5rEacEyM0EBS7qgT\nntgW9ShyK7igLQjXNgPUP5DjjCCmS65iqf6kyinh/4pb623YgDhKH5+vUMA2Lg5N\nXr1QBFWy85BLsOCO5K15I0ZPKkjx4q1JPczYk6uVefvN3/i+zkAu74vTiV46pdlE\n2t7jlbvq7VpxFrzrDbiSAvtXYb3JJbP9bspPlmtKViHAet/fKvauQS/PIDjizqMK\nrYwbfOPHo/k/0Hi+QdUAAAADAQABAAACAApZGGKmH+Q13eRNgCcm8+5FqVgjXU5u\njslFKpcZI1sQLtg/c3R0MfP9QbpmNDQR4a5qCOuRfPJoq/ys0+sKe1PHMQMHMzwi\nGpbtdEpJqmPj4lIR46ePpVbWILS43sexwwoqP/yVi7YlJUWJAsb9pjsuvAbTfq1B\nmSM4kwx/wUgvm8C5R4WxNrq37R88Bhzahai9vHq8v9/6YBN4vxFsqrK+syWe8IkX\ntBcvdnjKqc/agVCib34ffvq9EEN32fiMyu177yefYfxQdZFvPx59XBSlmaglNT+x\n+TxzOlEPzRoA6BPrjWks2GLG/oXTRtFpfB25kf3YKF8VO3OnX4UkbaLnDZDu73y4\nuv6CLwX1aMb7LWwyTirEfZMDNOPrMQYb2/8O289UMpotm2gelMnNhCgmlO8+oOiB\nW2NEQA77ve2Fn/HKNdalPAUT5e0q6i+jjpLbDkascKH6saE8gPiox5nESC/wZwcw\nqEsHvm1xdnt7xLLrECT3P1SeHf3NreNxg5fogCxRX/7/3W8llHhk0DQtjscoKpeC\nIqkLF6thU8t9kBLnAvyAGUmYGrOaKy74Nt0LAtQ4yggyOb38FQBbGKD8IPUQ7Vo9\nf9YwIPMPLXoGf3MjCwSaLa3na/oeBM9fLn237N/r6DDilKZGB2iCYXBNp5DiPDGs\n3vgVLwXOFTjRAAABAQDVpFuV0F9kDS1B9n9kXfNcy+9P3kkVvstoL3+/MNLX+eb8\nQU+EghZ5IhH+bh3O+dbkYkPfPaIVkZvR3+Q81Vaw1teiF/y1xKCDjUY4qYt8OTog\nksG6pjz5uZPM+Dj1EK5KDs+n0ympKKKXVWO+jPNZJZhtzi9nHGUF8lmIAXf9Fjo9\n3ZxsvbMbrrcP2L38QNrUo8l+dE6qa4poRcP2vzqNUKFyPqdyn/1/85iIcH4fHS33\nU59fbVk7BSgaC/AN9gj0ZjTYRX0WUHAD1t57lBPwOmtfJBiGnlFhzeeZ8+4CsQdP\n5Q/rcS3FvCVuyiyNdYqFfd76zEo0SVgvd9vhcsJjAAABAQDWDu6Tkd0E1oMlVBgb\nytlTPdz7v5qfVPqhD1dOVLIN6qNKEOtzEWz1bNXSMHm+Fmn2wzLyFUFpJkYaHc5U\nosvjvUq6VOBqyF1j2eSK8iY1oQ21/DF1eBjLC4WplfHGFXhHOI2C6c+gkp1P1L8z\nhrzzRqv8pDXxmkVWhJWgH8oHNebRUQHeivX1iMfjlxsZpnHP+mVIiHYpxyYHbfVq\na+rhW8rOuVusgfgrnfZK2I6vcy+tlfYRyAwdbEFSiRwh+saKSNpbVBQs1zZ+DU5k\nYsJ728xt/CS5/mYGsyHxNgQHP17ZZvqo1QjMCMSzmfha0+dCI2CxUEWFB9NyOLrj\nEnPFAAABAQDjjb1aZGAHLHb13rhdCAhIIqiZH9KZ3Td9b49jVrDAZQqAiTckBOKM\nQ8jDAqs303qIsfkV1RcR8aNdS91OqqUr7BlpRRXs96MlNInfRJ9pEjqli97Izhjc\nHucJJ84+wDcgoU4W9fqVnGMUInwUj6Da9X4xSXGg4qCykucyiAIitJ0EPKVSu36H\nB3FEbUBizl3mvMrPbAVGpUbGIo9X9TNpItMeeiLIexIktQPANyJ+fTzB+PqTLjUy\np/JhOeAqT/21KKB5nmXKnSecFEJwKPfnnqCHkDv6Kk4dhjwc/0GNlcqq8JgqiLiM\nHA+RlI2/W2bJy2AwkIGdJ38RUWMu7KbRAAAAAAEC\n-----END OPENSSH PRIVATE KEY-----\n",
            "private_key_pem": "-----BEGIN RSA PRIVATE KEY-----\nMIIJKAIBAAKCAgEAvkXCGtzvRWIHlvL6iMwPGWocZGO5YcwM/OPjgTXiBx0HRGp+\ngwS3PLmAheAwbeW69k0gojVwPHLgJyGH3UQGssWudY5I9iqbnBhvmLagUOTY+mUS\nsFCCCWgYMawJl9uQ4eiPa91Uf0M0I7eNOYtD86TMTwtUm/NQvE2EkznSIsqBIM7f\nMTLdLaM6NQ2CjMkSv0LCNhB0se1LK9FsvIUZb/wdHKVsOULdGnQB9SDZYK4vql4Q\nKij7sH5W1oMA1jwv7T5xfJBpIQ2exzEKvJv4vwenNPFbsd795MamQh9vVOo5oGk/\nGJmsMJSgTIzkz2DybBvrWCg8tXjB2IUaYOxbrasQuIjqz8y7XgbWrITfDDIOwje5\nhs3hDWtJdHH+OJUuuTgSJi6T545NGujwvALbafuO8ckwFCi0A156JylWnkKsKxFZ\nau/ZmA+aBtUvk05zrQdYR+MB5rEacEyM0EBS7qgTntgW9ShyK7igLQjXNgPUP5Dj\njCCmS65iqf6kyinh/4pb623YgDhKH5+vUMA2Lg5NXr1QBFWy85BLsOCO5K15I0ZP\nKkjx4q1JPczYk6uVefvN3/i+zkAu74vTiV46pdlE2t7jlbvq7VpxFrzrDbiSAvtX\nYb3JJbP9bspPlmtKViHAet/fKvauQS/PIDjizqMKrYwbfOPHo/k/0Hi+QdUCAwEA\nAQKCAgAKWRhiph/kNd3kTYAnJvPuRalYI11Obo7JRSqXGSNbEC7YP3N0dDHz/UG6\nZjQ0EeGuagjrkXzyaKv8rNPrCntTxzEDBzM8IhqW7XRKSapj4+JSEeOnj6VW1iC0\nuN7HscMKKj/8lYu2JSVFiQLG/aY7LrwG036tQZkjOJMMf8FIL5vAuUeFsTa6t+0f\nPAYc2oWovbx6vL/f+mATeL8RbKqyvrMlnvCJF7QXL3Z4yqnP2oFQom9+H376vRBD\nd9n4jMrte+8nn2H8UHWRbz8efVwUpZmoJTU/sfk8czpRD80aAOgT641pLNhixv6F\n00bRaXwduZH92ChfFTtzp1+FJG2i5w2Q7u98uLr+gi8F9WjG+y1sMk4qxH2TAzTj\n6zEGG9v/DtvPVDKaLZtoHpTJzYQoJpTvPqDogVtjREAO+73thZ/xyjXWpTwFE+Xt\nKuovo46S2w5GrHCh+rGhPID4qMeZxEgv8GcHMKhLB75tcXZ7e8Sy6xAk9z9Unh39\nza3jcYOX6IAsUV/+/91vJZR4ZNA0LY7HKCqXgiKpCxerYVPLfZAS5wL8gBlJmBqz\nmisu+DbdCwLUOMoIMjm9/BUAWxig/CD1EO1aPX/WMCDzDy16Bn9zIwsEmi2t52v6\nHgTPXy59t+zf6+gw4pSmRgdogmFwTaeQ4jwxrN74FS8FzhU40QKCAQEA1g7uk5Hd\nBNaDJVQYG8rZUz3c+7+an1T6oQ9XTlSyDeqjShDrcxFs9WzV0jB5vhZp9sMy8hVB\naSZGGh3OVKLL471KulTgashdY9nkivImNaENtfwxdXgYywuFqZXxxhV4RziNgunP\noJKdT9S/M4a880ar/KQ18ZpFVoSVoB/KBzXm0VEB3or19YjH45cbGaZxz/plSIh2\nKccmB231amvq4VvKzrlbrIH4K532StiOr3MvrZX2EcgMHWxBUokcIfrGikjaW1QU\nLNc2fg1OZGLCe9vMbfwkuf5mBrMh8TYEBz9e2Wb6qNUIzAjEs5n4WtPnQiNgsVBF\nhQfTcji64xJzxQKCAQEA4429WmRgByx29d64XQgISCKomR/Smd03fW+PY1awwGUK\ngIk3JATijEPIwwKrN9N6iLH5FdUXEfGjXUvdTqqlK+wZaUUV7PejJTSJ30SfaRI6\npYveyM4Y3B7nCSfOPsA3IKFOFvX6lZxjFCJ8FI+g2vV+MUlxoOKgspLnMogCIrSd\nBDylUrt+hwdxRG1AYs5d5rzKz2wFRqVGxiKPV/UzaSLTHnoiyHsSJLUDwDcifn08\nwfj6ky41MqfyYTngKk/9tSigeZ5lyp0nnBRCcCj3556gh5A7+ipOHYY8HP9BjZXK\nqvCYKoi4jBwPkZSNv1tmyctgMJCBnSd/EVFjLuym0QKCAQAxMUtIpIvLcdS/vlyv\n/mUFSUFApZ7OIQRcAR+KQ9KLejG+crb5Qbbti+5zmGpR8eq2J9PMaHAYzw/rLpBd\nSPBcTQMgYSMVxygXK1rnR5DaYEG7YdKn8UqZVvOHroraf9KdY3S58iuh9i+qyfSK\nzdsceVBLBh3TgSWQJXYRT1zpXUzHK7unPf4aSC3PsskqkuKy7hNaoOmu3jJyIKX2\nqAhZc/PeoCBeO5whwfJ47t2TmoAJf14GZhfKpzc31YSelngMDYQI2wCr8WV3gG1U\nipGxTyji2cBC8iDWR1J0kXpJhBmzEoRmSlb0NMunjqnRjcMmouS0uwLO+KZyKHFi\nf7oVAoIBAGE2hnR9eUDXUCMN+TlVWyRmGh0AqVouVaxy4pEP0gb/o5LyC+qJY7eE\npdoZ48e/wxNu5PjcxjRWRPJwnKUk5ddz0A9XAlzwFnSok1Yc3PVoYkGjFZQ36Arx\n8MXKiaPpPiPkhZXtlBYib3mEmfm2uoOQaU7pD3AqIXjopXjC/haRjprmxcIoc4+A\nMHWJLv6HJzqR4RroDQD3TtsKnK55BHOf+w2EJCP93+xqoKWXaFcdbb14fqQuE3AG\nq9e5f/jTn5GrP5N1hgsfRHK7fP6poe8Dp5UCm3zuYdzfIgNJUVoJakHI81kIe77v\npf8NtdjQVYNULU3SDm1zGCfv2y2K0GECggEBANWkW5XQX2QNLUH2f2Rd81zL70/e\nSRW+y2gvf78w0tf55vxBT4SCFnkiEf5uHc751uRiQ989ohWRm9Hf5DzVVrDW16IX\n/LXEoIONRjipi3w5OiCSwbqmPPm5k8z4OPUQrkoOz6fTKakoopdVY76M81klmG3O\nL2ccZQXyWYgBd/0WOj3dnGy9sxuutw/YvfxA2tSjyX50TqprimhFw/a/Oo1QoXI+\np3Kf/X/zmIhwfh8dLfdTn19tWTsFKBoL8A32CPRmNNhFfRZQcAPW3nuUE/A6a18k\nGIaeUWHN55nz7gKxB0/lD+txLcW8JW7KLI11ioV93vrMSjRJWC932+FywmM=\n-----END RSA PRIVATE KEY-----\n",
            "private_key_pem_pkcs8": "-----BEGIN PRIVATE KEY-----\nMIIJQgIBADANBgkqhkiG9w0BAQEFAASCCSwwggkoAgEAAoICAQC+RcIa3O9FYgeW\n8vqIzA8ZahxkY7lhzAz84+OBNeIHHQdEan6DBLc8uYCF4DBt5br2TSCiNXA8cuAn\nIYfdRAayxa51jkj2KpucGG+YtqBQ5Nj6ZRKwUIIJaBgxrAmX25Dh6I9r3VR/QzQj\nt405i0PzpMxPC1Sb81C8TYSTOdIiyoEgzt8xMt0tozo1DYKMyRK/QsI2EHSx7Usr\n0Wy8hRlv/B0cpWw5Qt0adAH1INlgri+qXhAqKPuwflbWgwDWPC/tPnF8kGkhDZ7H\nMQq8m/i/B6c08Vux3v3kxqZCH29U6jmgaT8YmawwlKBMjOTPYPJsG+tYKDy1eMHY\nhRpg7FutqxC4iOrPzLteBtashN8MMg7CN7mGzeENa0l0cf44lS65OBImLpPnjk0a\n6PC8Attp+47xyTAUKLQDXnonKVaeQqwrEVlq79mYD5oG1S+TTnOtB1hH4wHmsRpw\nTIzQQFLuqBOe2Bb1KHIruKAtCNc2A9Q/kOOMIKZLrmKp/qTKKeH/ilvrbdiAOEof\nn69QwDYuDk1evVAEVbLzkEuw4I7krXkjRk8qSPHirUk9zNiTq5V5+83f+L7OQC7v\ni9OJXjql2UTa3uOVu+rtWnEWvOsNuJIC+1dhvckls/1uyk+Wa0pWIcB6398q9q5B\nL88gOOLOowqtjBt848ej+T/QeL5B1QIDAQABAoICAApZGGKmH+Q13eRNgCcm8+5F\nqVgjXU5ujslFKpcZI1sQLtg/c3R0MfP9QbpmNDQR4a5qCOuRfPJoq/ys0+sKe1PH\nMQMHMzwiGpbtdEpJqmPj4lIR46ePpVbWILS43sexwwoqP/yVi7YlJUWJAsb9pjsu\nvAbTfq1BmSM4kwx/wUgvm8C5R4WxNrq37R88Bhzahai9vHq8v9/6YBN4vxFsqrK+\nsyWe8IkXtBcvdnjKqc/agVCib34ffvq9EEN32fiMyu177yefYfxQdZFvPx59XBSl\nmaglNT+x+TxzOlEPzRoA6BPrjWks2GLG/oXTRtFpfB25kf3YKF8VO3OnX4UkbaLn\nDZDu73y4uv6CLwX1aMb7LWwyTirEfZMDNOPrMQYb2/8O289UMpotm2gelMnNhCgm\nlO8+oOiBW2NEQA77ve2Fn/HKNdalPAUT5e0q6i+jjpLbDkascKH6saE8gPiox5nE\nSC/wZwcwqEsHvm1xdnt7xLLrECT3P1SeHf3NreNxg5fogCxRX/7/3W8llHhk0DQt\njscoKpeCIqkLF6thU8t9kBLnAvyAGUmYGrOaKy74Nt0LAtQ4yggyOb38FQBbGKD8\nIPUQ7Vo9f9YwIPMPLXoGf3MjCwSaLa3na/oeBM9fLn237N/r6DDilKZGB2iCYXBN\np5DiPDGs3vgVLwXOFTjRAoIBAQDWDu6Tkd0E1oMlVBgbytlTPdz7v5qfVPqhD1dO\nVLIN6qNKEOtzEWz1bNXSMHm+Fmn2wzLyFUFpJkYaHc5UosvjvUq6VOBqyF1j2eSK\n8iY1oQ21/DF1eBjLC4WplfHGFXhHOI2C6c+gkp1P1L8zhrzzRqv8pDXxmkVWhJWg\nH8oHNebRUQHeivX1iMfjlxsZpnHP+mVIiHYpxyYHbfVqa+rhW8rOuVusgfgrnfZK\n2I6vcy+tlfYRyAwdbEFSiRwh+saKSNpbVBQs1zZ+DU5kYsJ728xt/CS5/mYGsyHx\nNgQHP17ZZvqo1QjMCMSzmfha0+dCI2CxUEWFB9NyOLrjEnPFAoIBAQDjjb1aZGAH\nLHb13rhdCAhIIqiZH9KZ3Td9b49jVrDAZQqAiTckBOKMQ8jDAqs303qIsfkV1RcR\n8aNdS91OqqUr7BlpRRXs96MlNInfRJ9pEjqli97IzhjcHucJJ84+wDcgoU4W9fqV\nnGMUInwUj6Da9X4xSXGg4qCykucyiAIitJ0EPKVSu36HB3FEbUBizl3mvMrPbAVG\npUbGIo9X9TNpItMeeiLIexIktQPANyJ+fTzB+PqTLjUyp/JhOeAqT/21KKB5nmXK\nnSecFEJwKPfnnqCHkDv6Kk4dhjwc/0GNlcqq8JgqiLiMHA+RlI2/W2bJy2AwkIGd\nJ38RUWMu7KbRAoIBADExS0iki8tx1L++XK/+ZQVJQUClns4hBFwBH4pD0ot6Mb5y\ntvlBtu2L7nOYalHx6rYn08xocBjPD+sukF1I8FxNAyBhIxXHKBcrWudHkNpgQbth\n0qfxSplW84euitp/0p1jdLnyK6H2L6rJ9IrN2xx5UEsGHdOBJZAldhFPXOldTMcr\nu6c9/hpILc+yySqS4rLuE1qg6a7eMnIgpfaoCFlz896gIF47nCHB8nju3ZOagAl/\nXgZmF8qnNzfVhJ6WeAwNhAjbAKvxZXeAbVSKkbFPKOLZwELyINZHUnSRekmEGbMS\nhGZKVvQ0y6eOqdGNwyai5LS7As74pnIocWJ/uhUCggEAYTaGdH15QNdQIw35OVVb\nJGYaHQCpWi5VrHLikQ/SBv+jkvIL6oljt4Sl2hnjx7/DE27k+NzGNFZE8nCcpSTl\n13PQD1cCXPAWdKiTVhzc9WhiQaMVlDfoCvHwxcqJo+k+I+SFle2UFiJveYSZ+ba6\ng5BpTukPcCoheOileML+FpGOmubFwihzj4AwdYku/ocnOpHhGugNAPdO2wqcrnkE\nc5/7DYQkI/3f7GqgpZdoVx1tvXh+pC4TcAar17l/+NOfkas/k3WGCx9Ecrt8/qmh\n7wOnlQKbfO5h3N8iA0lRWglqQcjzWQh7vu+l/w212NBVg1QtTdIObXMYJ+/bLYrQ\nYQKCAQEA1aRbldBfZA0tQfZ/ZF3zXMvvT95JFb7LaC9/vzDS1/nm/EFPhIIWeSIR\n/m4dzvnW5GJD3z2iFZGb0d/kPNVWsNbXohf8tcSgg41GOKmLfDk6IJLBuqY8+bmT\nzPg49RCuSg7Pp9MpqSiil1VjvozzWSWYbc4vZxxlBfJZiAF3/RY6Pd2cbL2zG663\nD9i9/EDa1KPJfnROqmuKaEXD9r86jVChcj6ncp/9f/OYiHB+Hx0t91OfX21ZOwUo\nGgvwDfYI9GY02EV9FlBwA9bee5QT8DprXyQYhp5RYc3nmfPuArEHT+UP63Etxbwl\nbsosjXWKhX3e+sxKNElYL3fb4XLCYw==\n-----END PRIVATE KEY-----\n",
            "public_key_fingerprint_md5": "69:dc:79:96:a8:99:72:f1:69:64:2f:3d:fd:57:07:10",
            "public_key_fingerprint_sha256": "SHA256:TDYr4SDsz1NfbiDr1EuPKM9SstxIrjhshyFmm+HTR5o",
            "public_key_openssh": "ssh-rsa AAAAB3NzaC1yc2EAAAADAQABAAACAQC+RcIa3O9FYgeW8vqIzA8ZahxkY7lhzAz84+OBNeIHHQdEan6DBLc8uYCF4DBt5br2TSCiNXA8cuAnIYfdRAayxa51jkj2KpucGG+YtqBQ5Nj6ZRKwUIIJaBgxrAmX25Dh6I9r3VR/QzQjt405i0PzpMxPC1Sb81C8TYSTOdIiyoEgzt8xMt0tozo1DYKMyRK/QsI2EHSx7Usr0Wy8hRlv/B0cpWw5Qt0adAH1INlgri+qXhAqKPuwflbWgwDWPC/tPnF8kGkhDZ7HMQq8m/i/B6c08Vux3v3kxqZCH29U6jmgaT8YmawwlKBMjOTPYPJsG+tYKDy1eMHYhRpg7FutqxC4iOrPzLteBtashN8MMg7CN7mGzeENa0l0cf44lS65OBImLpPnjk0a6PC8Attp+47xyTAUKLQDXnonKVaeQqwrEVlq79mYD5oG1S+TTnOtB1hH4wHmsRpwTIzQQFLuqBOe2Bb1KHIruKAtCNc2A9Q/kOOMIKZLrmKp/qTKKeH/ilvrbdiAOEofn69QwDYuDk1evVAEVbLzkEuw4I7krXkjRk8qSPHirUk9zNiTq5V5+83f+L7OQC7vi9OJXjql2UTa3uOVu+rtWnEWvOsNuJIC+1dhvckls/1uyk+Wa0pWIcB6398q9q5BL88gOOLOowqtjBt848ej+T/QeL5B1Q==\n",
            "public_key_pem": "-----BEGIN PUBLIC KEY-----\nMIICIjANBgkqhkiG9w0BAQEFAAOCAg8AMIICCgKCAgEAvkXCGtzvRWIHlvL6iMwP\nGWocZGO5YcwM/OPjgTXiBx0HRGp+gwS3PLmAheAwbeW69k0gojVwPHLgJyGH3UQG\nssWudY5I9iqbnBhvmLagUOTY+mUSsFCCCWgYMawJl9uQ4eiPa91Uf0M0I7eNOYtD\n86TMTwtUm/NQvE2EkznSIsqBIM7fMTLdLaM6NQ2CjMkSv0LCNhB0se1LK9FsvIUZ\nb/wdHKVsOULdGnQB9SDZYK4vql4QKij7sH5W1oMA1jwv7T5xfJBpIQ2exzEKvJv4\nvwenNPFbsd795MamQh9vVOo5oGk/GJmsMJSgTIzkz2DybBvrWCg8tXjB2IUaYOxb\nrasQuIjqz8y7XgbWrITfDDIOwje5hs3hDWtJdHH+OJUuuTgSJi6T545NGujwvALb\nafuO8ckwFCi0A156JylWnkKsKxFZau/ZmA+aBtUvk05zrQdYR+MB5rEacEyM0EBS\n7qgTntgW9ShyK7igLQjXNgPUP5DjjCCmS65iqf6kyinh/4pb623YgDhKH5+vUMA2\nLg5NXr1QBFWy85BLsOCO5K15I0ZPKkjx4q1JPczYk6uVefvN3/i+zkAu74vTiV46\npdlE2t7jlbvq7VpxFrzrDbiSAvtXYb3JJbP9bspPlmtKViHAet/fKvauQS/PIDji\nzqMKrYwbfOPHo/k/0Hi+QdUCAwEAAQ==\n-----END PUBLIC KEY-----\n",
            "rsa_bits": 4096
          },
          "sensitive_attributes": [
            [
              {
                "type": "get_attr",
                "value": "private_key_openssh"
              }
            ],
            [
              {
                "type": "get_attr",
                "value": "private_key_pem"
              }
            ],
            [
              {
                "type": "get_attr",
                "value": "private_key_pem_pkcs8"
              }
            ]
          ],
          "identity_schema_version": 0
        }
      ]
    }
  ],
  "check_results": null
}
